Microsoft Visual Studio Solution File, Format Version 12.00
# Visual Studio Version 17
VisualStudioVersion = 17.8.34330.188
MinimumVisualStudioVersion = 10.0.40219.1
Project("{2150E333-8FDC-42A3-9474-1A3956D46DE8}") = "src", "src", "{A8ACD416-E414-440D-A194-1A3CC920E118}"
EndProject
Project("{2150E333-8FDC-42A3-9474-1A3956D46DE8}") = "tests", "tests", "{77442859-E71B-4005-8434-5883753D3104}"
EndProject
Project("{2150E333-8FDC-42A3-9474-1A3956D46DE8}") = "Database", "Database", "{4EF70D85-5F2F-4629-9EAD-3DF4871ABD40}"
EndProject
Project("{2150E333-8FDC-42A3-9474-1A3956D46DE8}") = "docs", "docs", "{F1A83939-FAF7-412B-95B2-3095FE192971}"
EndProject
Project("{9A19103F-16F7-4668-BE54-9A1E7A4F7556}") = "MenuAdminAPI.Domain", "src\Domain\MenuAdminAPI.Domain.csproj", "{AB88DF70-DCF9-4C9E-84D9-C04C7A5486BB}"
EndProject
Project("{9A19103F-16F7-4668-BE54-9A1E7A4F7556}") = "MenuAdminAPI.Application", "src\Application\MenuAdminAPI.Application.csproj", "{5145F5D8-C8BB-4554-8F14-A793085E4E65}"
EndProject
Project("{9A19103F-16F7-4668-BE54-9A1E7A4F7556}") = "MenuAdminAPI.Infrastructure", "src\Infrastructure\MenuAdminAPI.Infrastructure.csproj", "{CB21EA9A-F3AC-4E6E-B61A-BE8A7E305EB7}"
EndProject
Project("{9A19103F-16F7-4668-BE54-9A1E7A4F7556}") = "MenuAdminAPI.Presentation", "src\Presentation\MenuAdminAPI.Presentation.csproj", "{610538C3-E579-4F5C-B5C9-57FBD4F71E06}"
EndProject
Project("{9A19103F-16F7-4668-BE54-9A1E7A4F7556}") = "MenuAdminAPI.Domain.Tests", "tests\Domain.Tests\MenuAdminAPI.Domain.Tests.csproj", "{36E34496-B5A7-4ACE-AE8C-D18D5A0F93F6}"
EndProject
Project("{9A19103F-16F7-4668-BE54-9A1E7A4F7556}") = "MenuAdminAPI.Application.Tests", "tests\Application.Tests\MenuAdminAPI.Application.Tests.csproj", "{96D5E17F-F06F-4832-8F44-20A0AB4924A9}"
EndProject
Project("{9A19103F-16F7-4668-BE54-9A1E7A4F7556}") = "MenuAdminAPI.Infrastructure.Tests", "tests\Infrastructure.Tests\MenuAdminAPI.Infrastructure.Tests.csproj", "{F9368552-F390-4710-B577-21185E47A0F4}"
EndProject
Project("{9A19103F-16F7-4668-BE54-9A1E7A4F7556}") = "MenuAdminAPI.Presentation.Tests", "tests\Presentation.Tests\MenuAdminAPI.Presentation.Tests.csproj", "{075163AD-0784-4BEB-B8E5-30DB3173CD17}"
EndProject
Global
	GlobalSection(SolutionConfigurationPlatforms) = preSolution
		Debug|Any CPU = Debug|Any CPU
		Release|Any CPU = Release|Any CPU
	EndGlobalSection
	GlobalSection(ProjectConfigurationPlatforms) = postSolution
		{AB88DF70-DCF9-4C9E-84D9-C04C7A5486BB}.Debug|Any CPU.ActiveCfg = Debug|Any CPU
		{AB88DF70-DCF9-4C9E-84D9-C04C7A5486BB}.Debug|Any CPU.Build.0 = Debug|Any CPU
		{AB88DF70-DCF9-4C9E-84D9-C04C7A5486BB}.Release|Any CPU.ActiveCfg = Release|Any CPU
		{AB88DF70-DCF9-4C9E-84D9-C04C7A5486BB}.Release|Any CPU.Build.0 = Release|Any CPU
		{5145F5D8-C8BB-4554-8F14-A793085E4E65}.Debug|Any CPU.ActiveCfg = Debug|Any CPU
		{5145F5D8-C8BB-4554-8F14-A793085E4E65}.Debug|Any CPU.Build.0 = Debug|Any CPU
		{5145F5D8-C8BB-4554-8F14-A793085E4E65}.Release|Any CPU.ActiveCfg = Release|Any CPU
		{5145F5D8-C8BB-4554-8F14-A793085E4E65}.Release|Any CPU.Build.0 = Release|Any CPU
		{CB21EA9A-F3AC-4E6E-B61A-BE8A7E305EB7}.Debug|Any CPU.ActiveCfg = Debug|Any CPU
		{CB21EA9A-F3AC-4E6E-B61A-BE8A7E305EB7}.Debug|Any CPU.Build.0 = Debug|Any CPU
		{CB21EA9A-F3AC-4E6E-B61A-BE8A7E305EB7}.Release|Any CPU.ActiveCfg = Release|Any CPU
		{CB21EA9A-F3AC-4E6E-B61A-BE8A7E305EB7}.Release|Any CPU.Build.0 = Release|Any CPU
		{610538C3-E579-4F5C-B5C9-57FBD4F71E06}.Debug|Any CPU.ActiveCfg = Debug|Any CPU
		{610538C3-E579-4F5C-B5C9-57FBD4F71E06}.Debug|Any CPU.Build.0 = Debug|Any CPU
		{610538C3-E579-4F5C-B5C9-57FBD4F71E06}.Release|Any CPU.ActiveCfg = Release|Any CPU
		{610538C3-E579-4F5C-B5C9-57FBD4F71E06}.Release|Any CPU.Build.0 = Release|Any CPU
		{36E34496-B5A7-4ACE-AE8C-D18D5A0F93F6}.Debug|Any CPU.ActiveCfg = Debug|Any CPU
		{36E34496-B5A7-4ACE-AE8C-D18D5A0F93F6}.Debug|Any CPU.Build.0 = Debug|Any CPU
		{36E34496-B5A7-4ACE-AE8C-D18D5A0F93F6}.Release|Any CPU.ActiveCfg = Release|Any CPU
		{36E34496-B5A7-4ACE-AE8C-D18D5A0F93F6}.Release|Any CPU.Build.0 = Release|Any CPU
		{96D5E17F-F06F-4832-8F44-20A0AB4924A9}.Debug|Any CPU.ActiveCfg = Debug|Any CPU
		{96D5E17F-F06F-4832-8F44-20A0AB4924A9}.Debug|Any CPU.Build.0 = Debug|Any CPU
		{96D5E17F-F06F-4832-8F44-20A0AB4924A9}.Release|Any CPU.ActiveCfg = Release|Any CPU
		{96D5E17F-F06F-4832-8F44-20A0AB4924A9}.Release|Any CPU.Build.0 = Release|Any CPU
		{F9368552-F390-4710-B577-21185E47A0F4}.Debug|Any CPU.ActiveCfg = Debug|Any CPU
		{F9368552-F390-4710-B577-21185E47A0F4}.Debug|Any CPU.Build.0 = Debug|Any CPU
		{F9368552-F390-4710-B577-21185E47A0F4}.Release|Any CPU.ActiveCfg = Release|Any CPU
		{F9368552-F390-4710-B577-21185E47A0F4}.Release|Any CPU.Build.0 = Release|Any CPU
		{075163AD-0784-4BEB-B8E5-30DB3173CD17}.Debug|Any CPU.ActiveCfg = Debug|Any CPU
		{075163AD-0784-4BEB-B8E5-30DB3173CD17}.Debug|Any CPU.Build.0 = Debug|Any CPU
		{075163AD-0784-4BEB-B8E5-30DB3173CD17}.Release|Any CPU.ActiveCfg = Release|Any CPU
		{075163AD-0784-4BEB-B8E5-30DB3173CD17}.Release|Any CPU.Build.0 = Release|Any CPU
	EndGlobalSection
	GlobalSection(SolutionProperties) = preSolution
		HideSolutionNode = FALSE
	EndGlobalSection
	GlobalSection(NestedProjects) = preSolution
		{AB88DF70-DCF9-4C9E-84D9-C04C7A5486BB} = {A8ACD416-E414-440D-A194-1A3CC920E118}
		{5145F5D8-C8BB-4554-8F14-A793085E4E65} = {A8ACD416-E414-440D-A194-1A3CC920E118}
		{CB21EA9A-F3AC-4E6E-B61A-BE8A7E305EB7} = {A8ACD416-E414-440D-A194-1A3CC920E118}
		{610538C3-E579-4F5C-B5C9-57FBD4F71E06} = {A8ACD416-E414-440D-A194-1A3CC920E118}
		{36E34496-B5A7-4ACE-AE8C-D18D5A0F93F6} = {77442859-E71B-4005-8434-5883753D3104}
		{96D5E17F-F06F-4832-8F44-20A0AB4924A9} = {77442859-E71B-4005-8434-5883753D3104}
		{F9368552-F390-4710-B577-21185E47A0F4} = {77442859-E71B-4005-8434-5883753D3104}
		{075163AD-0784-4BEB-B8E5-30DB3173CD17} = {77442859-E71B-4005-8434-5883753D3104}
	EndGlobalSection
	GlobalSection(ExtensibilityGlobals) = postSolution
		SolutionGuid = {AAAABBBB-CCCC-DDDD-EEEE-FFFF00001111}
	EndGlobalSection
EndGlobal
